<Solution>
  <Folder Name="/.github/" />
  <Folder Name="/.github/workflows/">
    <File Path=".github/workflows/workflow.yml" />
  </Folder>
  <Folder Name="/tests/">
    <Project Path="tests/Domore.Notification.Tests/Domore.Notification.Tests.csproj" />
  </Folder>
  <Folder Name="/_/">
    <File Path=".editorconfig" />
    <File Path=".gitattributes" />
    <File Path=".gitignore" />
    <File Path="AGENTS.md" />
    <File Path="Directory.Build.props" />
    <File Path="Directory.Packages.props" />
    <File Path="global.json" />
    <File Path="LICENSE" />
    <File Path="README.md" />
    <File Path="spelling.exclusion.dic" />
  </Folder>
  <Folder Name="/_/source/">
    <File Path="source/Directory.Build.props" />
  </Folder>
  <Folder Name="/_/tests/">
    <File Path="tests/Directory.Build.props" />
  </Folder>
  <Project Path="source/Domore.Notification/Domore.Notification.csproj" />
</Solution>
