
Microsoft Visual Studio Solution File, Format Version 12.00
# Visual Studio Version 16
VisualStudioVersion = 16.0.29905.134
MinimumVisualStudioVersion = 10.0.40219.1
Project("{9A19103F-16F7-4668-BE54-9A1E7A4F7556}") = "Domore.Notification", "Domore.Notification\Domore.Notification.csproj", "{7DA7B4D2-9249-4723-9B9D-9DF226088A56}"
EndProject
Project("{9A19103F-16F7-4668-BE54-9A1E7A4F7556}") = "Domore.Notification.Tests", "Domore.Notification.Tests\Domore.Notification.Tests.csproj", "{63BB1E2A-74E8-4B32-909E-795C6A6008AC}"
EndProject
Project("{9A19103F-16F7-4668-BE54-9A1E7A4F7556}") = "Domore.Notification.Release", "Domore.Notification.Release\Domore.Notification.Release.csproj", "{1F63F0B2-256D-4F7A-B09C-89C17E3694A7}"
EndProject
Project("{2150E333-8FDC-42A3-9474-1A3956D46DE8}") = "properties", "properties", "{5D46C8DA-4B76-4C15-8286-0D0A830570FC}"
	ProjectSection(SolutionItems) = preProject
		Directory.Build.props = Directory.Build.props
	EndProjectSection
EndProject
Project("{2150E333-8FDC-42A3-9474-1A3956D46DE8}") = "test", "test", "{6B215922-6377-44D3-9620-0B5A52194E9E}"
EndProject
Project("{2150E333-8FDC-42A3-9474-1A3956D46DE8}") = "release", "release", "{74302FDD-AFC7-4224-B40A-CE990AC21D64}"
EndProject
Global
	GlobalSection(SolutionConfigurationPlatforms) = preSolution
		Debug|Any CPU = Debug|Any CPU
		Release|Any CPU = Release|Any CPU
	EndGlobalSection
	GlobalSection(ProjectConfigurationPlatforms) = postSolution
		{7DA7B4D2-9249-4723-9B9D-9DF226088A56}.Debug|Any CPU.ActiveCfg = Debug|Any CPU
		{7DA7B4D2-9249-4723-9B9D-9DF226088A56}.Debug|Any CPU.Build.0 = Debug|Any CPU
		{7DA7B4D2-9249-4723-9B9D-9DF226088A56}.Release|Any CPU.ActiveCfg = Release|Any CPU
		{7DA7B4D2-9249-4723-9B9D-9DF226088A56}.Release|Any CPU.Build.0 = Release|Any CPU
		{63BB1E2A-74E8-4B32-909E-795C6A6008AC}.Debug|Any CPU.ActiveCfg = Debug|Any CPU
		{63BB1E2A-74E8-4B32-909E-795C6A6008AC}.Debug|Any CPU.Build.0 = Debug|Any CPU
		{63BB1E2A-74E8-4B32-909E-795C6A6008AC}.Release|Any CPU.ActiveCfg = Release|Any CPU
		{63BB1E2A-74E8-4B32-909E-795C6A6008AC}.Release|Any CPU.Build.0 = Release|Any CPU
		{1F63F0B2-256D-4F7A-B09C-89C17E3694A7}.Debug|Any CPU.ActiveCfg = Debug|Any CPU
		{1F63F0B2-256D-4F7A-B09C-89C17E3694A7}.Debug|Any CPU.Build.0 = Debug|Any CPU
		{1F63F0B2-256D-4F7A-B09C-89C17E3694A7}.Release|Any CPU.ActiveCfg = Release|Any CPU
	EndGlobalSection
	GlobalSection(SolutionProperties) = preSolution
		HideSolutionNode = FALSE
	EndGlobalSection
	GlobalSection(NestedProjects) = preSolution
		{63BB1E2A-74E8-4B32-909E-795C6A6008AC} = {6B215922-6377-44D3-9620-0B5A52194E9E}
		{1F63F0B2-256D-4F7A-B09C-89C17E3694A7} = {74302FDD-AFC7-4224-B40A-CE990AC21D64}
	EndGlobalSection
	GlobalSection(ExtensibilityGlobals) = postSolution
		SolutionGuid = {718E92AD-2E84-4F24-8CF4-31B13471D613}
	EndGlobalSection
EndGlobal
